
Microsoft Visual Studio Solution File, Format Version 12.00
# Visual Studio Version 17
VisualStudioVersion = 17.0.32112.339
MinimumVisualStudioVersion = 10.0.40219.1
Project("{FAE04EC0-301F-11D3-BF4B-00C04F79EFBC}") = "VersionedApi", "VersionedApi\VersionedApi.csproj", "{6744FB04-07CE-449D-B93D-848DDA164233}"
EndProject
Global
	GlobalSection(SolutionConfigurationPlatforms) = preSolution
		Debug|Any CPU = Debug|Any CPU
		Release|Any CPU = Release|Any CPU
	EndGlobalSection
	GlobalSection(ProjectConfigurationPlatforms) = postSolution
		{6744FB04-07CE-449D-B93D-848DDA164233}.Debug|Any CPU.ActiveCfg = Debug|Any CPU
		{6744FB04-07CE-449D-B93D-848DDA164233}.Debug|Any CPU.Build.0 = Debug|Any CPU
		{6744FB04-07CE-449D-B93D-848DDA164233}.Release|Any CPU.ActiveCfg = Release|Any CPU
		{6744FB04-07CE-449D-B93D-848DDA164233}.Release|Any CPU.Build.0 = Release|Any CPU
	EndGlobalSection
	GlobalSection(SolutionProperties) = preSolution
		HideSolutionNode = FALSE
	EndGlobalSection
	GlobalSection(ExtensibilityGlobals) = postSolution
		SolutionGuid = {4A42F5FF-5B8B-4338-9FCC-DE0C3AB45CA3}
	EndGlobalSection
EndGlobal
